<?xml version="1.0" encoding="utf-8"?>
<Project ToolsVersion="4.0" xmlns="http://schemas.microsoft.com/developer/msbuild/2003">
  <ItemGroup>
    <Filter Include="App">
      <UniqueIdentifier>{2f0b1c10-0001-4a10-9a11-000000000001}</UniqueIdentifier>
    </Filter>
    <Filter Include="Detection">
      <UniqueIdentifier>{2f0b1c10-0002-4a10-9a11-000000000002}</UniqueIdentifier>
    </Filter>
    <Filter Include="UI">
      <UniqueIdentifier>{2f0b1c10-0003-4a10-9a11-000000000003}</UniqueIdentifier>
    </Filter>
    <Filter Include="Configuration">
      <UniqueIdentifier>{2f0b1c10-0004-4a10-9a11-000000000004}</UniqueIdentifier>
    </Filter>
    <Filter Include="Resources">
      <UniqueIdentifier>{2f0b1c10-0005-4a10-9a11-000000000005}</UniqueIdentifier>
    </Filter>
  </ItemGroup>
  <ItemGroup>
    <ClCompile Include="src\main.cpp">
      <Filter>App</Filter>
    </ClCompile>
    <ClCompile Include="src\AppController.cpp">
      <Filter>App</Filter>
    </ClCompile>
    <ClCompile Include="src\Common.cpp">
      <Filter>App</Filter>
    </ClCompile>
    <ClCompile Include="src\CaptionProbe.cpp">
      <Filter>Detection</Filter>
    </ClCompile>
    <ClCompile Include="src\CaptionGeometry.cpp">
      <Filter>Detection</Filter>
    </ClCompile>
    <ClCompile Include="src\Diagnostics.cpp">
      <Filter>Detection</Filter>
    </ClCompile>
    <ClCompile Include="src\HookThread.cpp">
      <Filter>Detection</Filter>
    </ClCompile>
    <ClCompile Include="src\DragWatcher.cpp">
      <Filter>Detection</Filter>
    </ClCompile>
    <ClCompile Include="src\FlyoutWindow.cpp">
      <Filter>UI</Filter>
    </ClCompile>
    <ClCompile Include="src\ZoneOverlay.cpp">
      <Filter>UI</Filter>
    </ClCompile>
    <ClCompile Include="src\OverlayGeometry.cpp">
      <Filter>UI</Filter>
    </ClCompile>
    <ClCompile Include="src\Painting.cpp">
      <Filter>UI</Filter>
    </ClCompile>
    <ClCompile Include="src\TrayStash.cpp">
      <Filter>UI</Filter>
    </ClCompile>
    <ClCompile Include="src\ItemRegistry.cpp">
      <Filter>Configuration</Filter>
    </ClCompile>
    <ClCompile Include="src\BuiltinProviders.cpp">
      <Filter>Configuration</Filter>
    </ClCompile>
    <ClCompile Include="src\Config.cpp">
      <Filter>Configuration</Filter>
    </ClCompile>
    <ClCompile Include="src\ConfigWatcher.cpp">
      <Filter>Configuration</Filter>
    </ClCompile>
    <ClCompile Include="src\Json.cpp">
      <Filter>Configuration</Filter>
    </ClCompile>
    <ClCompile Include="src\Log.cpp">
      <Filter>App</Filter>
    </ClCompile>
    <ClCompile Include="src\Monitors.cpp">
      <Filter>UI</Filter>
    </ClCompile>
    <ClCompile Include="src\MonitorSelector.cpp">
      <Filter>Configuration</Filter>
    </ClCompile>
    <ClCompile Include="src\WindowSizer.cpp">
      <Filter>Configuration</Filter>
    </ClCompile>
    <ClCompile Include="src\SettingsBackup.cpp">
      <Filter>Configuration</Filter>
    </ClCompile>
  </ItemGroup>
  <ItemGroup>
    <ClInclude Include="src\AppController.h">
      <Filter>App</Filter>
    </ClInclude>
    <ClInclude Include="src\Common.h">
      <Filter>App</Filter>
    </ClInclude>
    <ClInclude Include="src\CaptionProbe.h">
      <Filter>Detection</Filter>
    </ClInclude>
    <ClInclude Include="src\CaptionGeometry.h">
      <Filter>Detection</Filter>
    </ClInclude>
    <ClInclude Include="src\Diagnostics.h">
      <Filter>Detection</Filter>
    </ClInclude>
    <ClInclude Include="src\HookThread.h">
      <Filter>Detection</Filter>
    </ClInclude>
    <ClInclude Include="src\DragWatcher.h">
      <Filter>Detection</Filter>
    </ClInclude>
    <ClInclude Include="src\FlyoutWindow.h">
      <Filter>UI</Filter>
    </ClInclude>
    <ClInclude Include="src\ZoneOverlay.h">
      <Filter>UI</Filter>
    </ClInclude>
    <ClInclude Include="src\OverlayGeometry.h">
      <Filter>UI</Filter>
    </ClInclude>
    <ClInclude Include="src\Painting.h">
      <Filter>UI</Filter>
    </ClInclude>
    <ClInclude Include="src\TrayStash.h">
      <Filter>UI</Filter>
    </ClInclude>
    <ClInclude Include="src\ItemRegistry.h">
      <Filter>Configuration</Filter>
    </ClInclude>
    <ClInclude Include="src\Config.h">
      <Filter>Configuration</Filter>
    </ClInclude>
    <ClInclude Include="src\ConfigWatcher.h">
      <Filter>Configuration</Filter>
    </ClInclude>
    <ClInclude Include="src\Json.h">
      <Filter>Configuration</Filter>
    </ClInclude>
    <ClInclude Include="src\Log.h">
      <Filter>App</Filter>
    </ClInclude>
    <ClInclude Include="src\Monitors.h">
      <Filter>UI</Filter>
    </ClInclude>
    <ClInclude Include="src\MonitorSelector.h">
      <Filter>Configuration</Filter>
    </ClInclude>
    <ClInclude Include="src\WindowSizer.h">
      <Filter>Configuration</Filter>
    </ClInclude>
    <ClInclude Include="src\SettingsBackup.h">
      <Filter>Configuration</Filter>
    </ClInclude>
  </ItemGroup>
  <ItemGroup>
    <ClInclude Include="res\resource.h">
      <Filter>Resources</Filter>
    </ClInclude>
  </ItemGroup>
  <ItemGroup>
    <Manifest Include="res\minflyout.manifest">
      <Filter>Resources</Filter>
    </Manifest>
  </ItemGroup>
  <ItemGroup>
    <ResourceCompile Include="res\minflyout.rc">
      <Filter>Resources</Filter>
    </ResourceCompile>
  </ItemGroup>
  <ItemGroup>
    <Image Include="res\minflyout.ico">
      <Filter>Resources</Filter>
    </Image>
    <Image Include="res\MinFlyout48.png">
      <Filter>Resources</Filter>
    </Image>
    <Image Include="res\MinFlyout256.png">
      <Filter>Resources</Filter>
    </Image>
    <Image Include="res\happy_mignion_compose_windows_on_screen_dark.png">
      <Filter>Resources</Filter>
    </Image>
    <Image Include="res\happy_mignion_compose_windows_on_screen_light.png">
      <Filter>Resources</Filter>
    </Image>
  </ItemGroup>
  <ItemGroup>
    <None Include="res\icon.svg">
      <Filter>Resources</Filter>
    </None>
    <None Include="res\config.schema.json">
      <Filter>Resources</Filter>
    </None>
    <None Include="tools\build_icon.py">
      <Filter>Resources</Filter>
    </None>
    <None Include="README.md" />
    <None Include="CMakeLists.txt" />
    <None Include=".claudiaideconfig">
      <Filter>Resources</Filter>
    </None>
    <None Include="$(APPDATA)\$(ProjectName)\config.jsonc">
      <Filter>Configuration</Filter>
    </None>
  </ItemGroup>
</Project>